// !$*UTF8*$!
{
	archiveVersion = 1;
	classes = {
	};
	objectVersion = 77;
	objects = {

/* Begin PBXBuildFile section */
		2A67A7AF2F0076D40021309F /* Factory in Frameworks */ = {isa = PBXBuildFile; productRef = 2A67A7AE2F0076D40021309F /* Factory */; };
		2A67A7B12F0076D40021309F /* FactoryKit in Frameworks */ = {isa = PBXBuildFile; productRef = 2A67A7B02F0076D40021309F /* FactoryKit */; };
		2A67A7B32F0076D40021309F /* FactoryTesting in Frameworks */ = {isa = PBXBuildFile; productRef = 2A67A7B22F0076D40021309F /* FactoryTesting */; };
		2AFEDEF02F32A83700BE64DA /* FactoryTesting in Frameworks */ = {isa = PBXBuildFile; productRef = 2AFEDEEF2F32A83700BE64DA /* FactoryTesting */; };
/* End PBXBuildFile section */

/* Begin PBXContainerItemProxy section */
		2A09370C2F32661F00911D42 /* PBXContainerItemProxy */ = {
			isa = PBXContainerItemProxy;
			containerPortal = 2AC7B49A2EF9E40800A8401A /* Project object */;
			proxyType = 1;
			remoteGlobalIDString = 2AC7B4A12EF9E40800A8401A;
			remoteInfo = moofuslist;
		};
		2AC7B4B02EF9E40900A8401A /* PBXContainerItemProxy */ = {
			isa = PBXContainerItemProxy;
			containerPortal = 2AC7B49A2EF9E40800A8401A /* Project object */;
			proxyType = 1;
			remoteGlobalIDString = 2AC7B4A12EF9E40800A8401A;
			remoteInfo = moofuslist;
		};
		2AC7B4BA2EF9E40900A8401A /* PBXContainerItemProxy */ = {
			isa = PBXContainerItemProxy;
			containerPortal = 2AC7B49A2EF9E40800A8401A /* Project object */;
			proxyType = 1;
			remoteGlobalIDString = 2AC7B4A12EF9E40800A8401A;
			remoteInfo = moofuslist;
		};
/* End PBXContainerItemProxy section */

/* Begin PBXFileReference section */
		2A0937082F32661E00911D42 /* LocationManagerTests.xctest */ = {isa = PBXFileReference; explicitFileType = wrapper.cfbundle; includeInIndex = 0; path = LocationManagerTests.xctest; sourceTree = BUILT_PRODUCTS_DIR; };
		2AC7B4A22EF9E40800A8401A /* Moofuslist.app */ = {isa = PBXFileReference; explicitFileType = wrapper.application; includeInIndex = 0; path = Moofuslist.app; sourceTree = BUILT_PRODUCTS_DIR; };
		2AC7B4AF2EF9E40900A8401A /* MoofuslistTests.xctest */ = {isa = PBXFileReference; explicitFileType = wrapper.cfbundle; includeInIndex = 0; path = MoofuslistTests.xctest; sourceTree = BUILT_PRODUCTS_DIR; };
		2AC7B4B92EF9E40900A8401A /* MoofuslistUITests.xctest */ = {isa = PBXFileReference; explicitFileType = wrapper.cfbundle; includeInIndex = 0; path = MoofuslistUITests.xctest; sourceTree = BUILT_PRODUCTS_DIR; };
		2AFEDEF12F3322AA00BE64DA /* Moofuslist.xctestplan */ = {isa = PBXFileReference; lastKnownFileType = text; path = Moofuslist.xctestplan; sourceTree = "<group>"; };
/* End PBXFileReference section */

/* Begin PBXFileSystemSynchronizedBuildFileExceptionSet section */
		2A0937142F32662F00911D42 /* Exceptions for "MoofuslistTests" folder in "MoofuslistTests" target */ = {
			isa = PBXFileSystemSynchronizedBuildFileExceptionSet;
			membershipExceptions = (
				LocationManagerTests.swift,
			);
			target = 2AC7B4AE2EF9E40900A8401A /* MoofuslistTests */;
		};
		2A0937152F32662F00911D42 /* Exceptions for "MoofuslistTests" folder in "LocationManagerTests" target */ = {
			isa = PBXFileSystemSynchronizedBuildFileExceptionSet;
			membershipExceptions = (
				LocationManagerTests.swift,
			);
			target = 2A0937072F32661E00911D42 /* LocationManagerTests */;
		};
/* End PBXFileSystemSynchronizedBuildFileExceptionSet section */

/* Begin PBXFileSystemSynchronizedRootGroup section */
		2AC7B4A42EF9E40800A8401A /* Moofuslist */ = {
			isa = PBXFileSystemSynchronizedRootGroup;
			path = Moofuslist;
			sourceTree = "<group>";
		};
		2AC7B4B22EF9E40900A8401A /* MoofuslistTests */ = {
			isa = PBXFileSystemSynchronizedRootGroup;
			exceptions = (
				2A0937142F32662F00911D42 /* Exceptions for "MoofuslistTests" folder in "MoofuslistTests" target */,
				2A0937152F32662F00911D42 /* Exceptions for "MoofuslistTests" folder in "LocationManagerTests" target */,
			);
			path = MoofuslistTests;
			sourceTree = "<group>";
		};
		2AC7B4BC2EF9E40900A8401A /* MoofuslistUITests */ = {
			isa = PBXFileSystemSynchronizedRootGroup;
			path = MoofuslistUITests;
			sourceTree = "<group>";
		};
/* End PBXFileSystemSynchronizedRootGroup section */

/* Begin PBXFrameworksBuildPhase section */
		2A0937052F32661E00911D42 /* Frameworks */ = {
			isa = PBXFrameworksBuildPhase;
			buildActionMask = 2147483647;
			files = (
				2AFEDEF02F32A83700BE64DA /* FactoryTesting in Frameworks */,
			);
			runOnlyForDeploymentPostprocessing = 0;
		};
		2AC7B49F2EF9E40800A8401A /* Frameworks */ = {
			isa = PBXFrameworksBuildPhase;
			buildActionMask = 2147483647;
			files = (
				2A67A7B12F0076D40021309F /* FactoryKit in Frameworks */,
				2A67A7AF2F0076D40021309F /* Factory in Frameworks */,
			);
			runOnlyForDeploymentPostprocessing = 0;
		};
		2AC7B4AC2EF9E40900A8401A /* Frameworks */ = {
			isa = PBXFrameworksBuildPhase;
			buildActionMask = 2147483647;
			files = (
				2A67A7B32F0076D40021309F /* FactoryTesting in Frameworks */,
			);
			runOnlyForDeploymentPostprocessing = 0;
		};
		2AC7B4B62EF9E40900A8401A /* Frameworks */ = {
			isa = PBXFrameworksBuildPhase;
			buildActionMask = 2147483647;
			files = (
			);
			runOnlyForDeploymentPostprocessing = 0;
		};
/* End PBXFrameworksBuildPhase section */

/* Begin PBXGroup section */
		2A0937162F3271EF00911D42 /* Frameworks */ = {
			isa = PBXGroup;
			children = (
			);
			name = Frameworks;
			sourceTree = "<group>";
		};
		2AC7B4992EF9E40800A8401A = {
			isa = PBXGroup;
			children = (
				2AFEDEF12F3322AA00BE64DA /* Moofuslist.xctestplan */,
				2AC7B4A42EF9E40800A8401A /* Moofuslist */,
				2AC7B4B22EF9E40900A8401A /* MoofuslistTests */,
				2AC7B4BC2EF9E40900A8401A /* MoofuslistUITests */,
				2A0937162F3271EF00911D42 /* Frameworks */,
				2AC7B4A32EF9E40800A8401A /* Products */,
			);
			sourceTree = "<group>";
		};
		2AC7B4A32EF9E40800A8401A /* Products */ = {
			isa = PBXGroup;
			children = (
				2AC7B4A22EF9E40800A8401A /* Moofuslist.app */,
				2AC7B4AF2EF9E40900A8401A /* MoofuslistTests.xctest */,
				2AC7B4B92EF9E40900A8401A /* MoofuslistUITests.xctest */,
				2A0937082F32661E00911D42 /* LocationManagerTests.xctest */,
			);
			name = Products;
			sourceTree = "<group>";
		};
/* End PBXGroup section */

/* Begin PBXNativeTarget section */
		2A0937072F32661E00911D42 /* LocationManagerTests */ = {
			isa = PBXNativeTarget;
			buildConfigurationList = 2A0937102F32661F00911D42 /* Build configuration list for PBXNativeTarget "LocationManagerTests" */;
			buildPhases = (
				2A0937042F32661E00911D42 /* Sources */,
				2A0937052F32661E00911D42 /* Frameworks */,
				2A0937062F32661E00911D42 /* Resources */,
			);
			buildRules = (
			);
			dependencies = (
				2A09370D2F32661F00911D42 /* PBXTargetDependency */,
			);
			name = LocationManagerTests;
			packageProductDependencies = (
				2AFEDEEF2F32A83700BE64DA /* FactoryTesting */,
			);
			productName = LocationManagerTests;
			productReference = 2A0937082F32661E00911D42 /* LocationManagerTests.xctest */;
			productType = "com.apple.product-type.bundle.unit-test";
		};
		2AC7B4A12EF9E40800A8401A /* Moofuslist */ = {
			isa = PBXNativeTarget;
			buildConfigurationList = 2AC7B4C32EF9E40900A8401A /* Build configuration list for PBXNativeTarget "Moofuslist" */;
			buildPhases = (
				2AC7B49E2EF9E40800A8401A /* Sources */,
				2A7BEAB92F4A281900D56CF3 /* SwiftLint */,
				2AC7B49F2EF9E40800A8401A /* Frameworks */,
				2AC7B4A02EF9E40800A8401A /* Resources */,
			);
			buildRules = (
			);
			dependencies = (
			);
			fileSystemSynchronizedGroups = (
				2AC7B4A42EF9E40800A8401A /* Moofuslist */,
			);
			name = Moofuslist;
			packageProductDependencies = (
				2A67A7AE2F0076D40021309F /* Factory */,
				2A67A7B02F0076D40021309F /* FactoryKit */,
			);
			productName = moofuslist;
			productReference = 2AC7B4A22EF9E40800A8401A /* Moofuslist.app */;
			productType = "com.apple.product-type.application";
		};
		2AC7B4AE2EF9E40900A8401A /* MoofuslistTests */ = {
			isa = PBXNativeTarget;
			buildConfigurationList = 2AC7B4C62EF9E40900A8401A /* Build configuration list for PBXNativeTarget "MoofuslistTests" */;
			buildPhases = (
				2AC7B4AB2EF9E40900A8401A /* Sources */,
				2AC7B4AC2EF9E40900A8401A /* Frameworks */,
				2AC7B4AD2EF9E40900A8401A /* Resources */,
			);
			buildRules = (
			);
			dependencies = (
				2AC7B4B12EF9E40900A8401A /* PBXTargetDependency */,
			);
			fileSystemSynchronizedGroups = (
				2AC7B4B22EF9E40900A8401A /* MoofuslistTests */,
			);
			name = MoofuslistTests;
			packageProductDependencies = (
				2A67A7B22F0076D40021309F /* FactoryTesting */,
			);
			productName = moofuslistTests;
			productReference = 2AC7B4AF2EF9E40900A8401A /* MoofuslistTests.xctest */;
			productType = "com.apple.product-type.bundle.unit-test";
		};
		2AC7B4B82EF9E40900A8401A /* MoofuslistUITests */ = {
			isa = PBXNativeTarget;
			buildConfigurationList = 2AC7B4C92EF9E40900A8401A /* Build configuration list for PBXNativeTarget "MoofuslistUITests" */;
			buildPhases = (
				2AC7B4B52EF9E40900A8401A /* Sources */,
				2AC7B4B62EF9E40900A8401A /* Frameworks */,
				2AC7B4B72EF9E40900A8401A /* Resources */,
			);
			buildRules = (
			);
			dependencies = (
				2AC7B4BB2EF9E40900A8401A /* PBXTargetDependency */,
			);
			fileSystemSynchronizedGroups = (
				2AC7B4BC2EF9E40900A8401A /* MoofuslistUITests */,
			);
			name = MoofuslistUITests;
			packageProductDependencies = (
			);
			productName = moofuslistUITests;
			productReference = 2AC7B4B92EF9E40900A8401A /* MoofuslistUITests.xctest */;
			productType = "com.apple.product-type.bundle.ui-testing";
		};
/* End PBXNativeTarget section */

/* Begin PBXProject section */
		2AC7B49A2EF9E40800A8401A /* Project object */ = {
			isa = PBXProject;
			attributes = {
				BuildIndependentTargetsInParallel = 1;
				LastSwiftUpdateCheck = 2610;
				LastUpgradeCheck = 2620;
				TargetAttributes = {
					2A0937072F32661E00911D42 = {
						CreatedOnToolsVersion = 26.1.1;
						TestTargetID = 2AC7B4A12EF9E40800A8401A;
					};
					2AC7B4A12EF9E40800A8401A = {
						CreatedOnToolsVersion = 26.1.1;
					};
					2AC7B4AE2EF9E40900A8401A = {
						CreatedOnToolsVersion = 26.1.1;
						TestTargetID = 2AC7B4A12EF9E40800A8401A;
					};
					2AC7B4B82EF9E40900A8401A = {
						CreatedOnToolsVersion = 26.1.1;
						TestTargetID = 2AC7B4A12EF9E40800A8401A;
					};
				};
			};
			buildConfigurationList = 2AC7B49D2EF9E40800A8401A /* Build configuration list for PBXProject "Moofuslist" */;
			developmentRegion = en;
			hasScannedForEncodings = 0;
			knownRegions = (
				en,
				Base,
			);
			mainGroup = 2AC7B4992EF9E40800A8401A;
			minimizedProjectReferenceProxies = 1;
			packageReferences = (
				2A67A7AD2F0076D40021309F /* XCRemoteSwiftPackageReference "Factory" */,
			);
			preferredProjectObjectVersion = 77;
			productRefGroup = 2AC7B4A32EF9E40800A8401A /* Products */;
			projectDirPath = "";
			projectRoot = "";
			targets = (
				2AC7B4A12EF9E40800A8401A /* Moofuslist */,
				2AC7B4AE2EF9E40900A8401A /* MoofuslistTests */,
				2AC7B4B82EF9E40900A8401A /* MoofuslistUITests */,
				2A0937072F32661E00911D42 /* LocationManagerTests */,
			);
		};
/* End PBXProject section */

/* Begin PBXResourcesBuildPhase section */
		2A0937062F32661E00911D42 /* Resources */ = {
			isa = PBXResourcesBuildPhase;
			buildActionMask = 2147483647;
			files = (
			);
			runOnlyForDeploymentPostprocessing = 0;
		};
		2AC7B4A02EF9E40800A8401A /* Resources */ = {
			isa = PBXResourcesBuildPhase;
			buildActionMask = 2147483647;
			files = (
			);
			runOnlyForDeploymentPostprocessing = 0;
		};
		2AC7B4AD2EF9E40900A8401A /* Resources */ = {
			isa = PBXResourcesBuildPhase;
			buildActionMask = 2147483647;
			files = (
			);
			runOnlyForDeploymentPostprocessing = 0;
		};
		2AC7B4B72EF9E40900A8401A /* Resources */ = {
			isa = PBXResourcesBuildPhase;
			buildActionMask = 2147483647;
			files = (
			);
			runOnlyForDeploymentPostprocessing = 0;
		};
/* End PBXResourcesBuildPhase section */

/* Begin PBXShellScriptBuildPhase section */
		2A7BEAB92F4A281900D56CF3 /* SwiftLint */ = {
			isa = PBXShellScriptBuildPhase;
			alwaysOutOfDate = 1;
			buildActionMask = 2147483647;
			files = (
			);
			inputFileListPaths = (
			);
			inputPaths = (
				"$(SRCROOT)/.swiftlint.yml",
			);
			name = SwiftLint;
			outputFileListPaths = (
			);
			outputPaths = (
			);
			runOnlyForDeploymentPostprocessing = 0;
			shellPath = /bin/sh;
			shellScript = "if [[ \"$(uname -m)\" == arm64 ]]\nthen\n    export PATH=\"/opt/homebrew/bin:$PATH\"\nfi\n\nif command -v swiftlint >/dev/null 2>&1\nthen\n    swiftlint\nelse\n    echo \"warning: `swiftlint` command not found - See https://github.com/realm/SwiftLint#installation for installation instructions.\"\nfi\n";
		};
/* End PBXShellScriptBuildPhase section */

/* Begin PBXSourcesBuildPhase section */
		2A0937042F32661E00911D42 /* Sources */ = {
			isa = PBXSourcesBuildPhase;
			buildActionMask = 2147483647;
			files = (
			);
			runOnlyForDeploymentPostprocessing = 0;
		};
		2AC7B49E2EF9E40800A8401A /* Sources */ = {
			isa = PBXSourcesBuildPhase;
			buildActionMask = 2147483647;
			files = (
			);
			runOnlyForDeploymentPostprocessing = 0;
		};
		2AC7B4AB2EF9E40900A8401A /* Sources */ = {
			isa = PBXSourcesBuildPhase;
			buildActionMask = 2147483647;
			files = (
			);
			runOnlyForDeploymentPostprocessing = 0;
		};
		2AC7B4B52EF9E40900A8401A /* Sources */ = {
			isa = PBXSourcesBuildPhase;
			buildActionMask = 2147483647;
			files = (
			);
			runOnlyForDeploymentPostprocessing = 0;
		};
/* End PBXSourcesBuildPhase section */

/* Begin PBXTargetDependency section */
		2A09370D2F32661F00911D42 /* PBXTargetDependency */ = {
			isa = PBXTargetDependency;
			target = 2AC7B4A12EF9E40800A8401A /* Moofuslist */;
			targetProxy = 2A09370C2F32661F00911D42 /* PBXContainerItemProxy */;
		};
		2AC7B4B12EF9E40900A8401A /* PBXTargetDependency */ = {
			isa = PBXTargetDependency;
			target = 2AC7B4A12EF9E40800A8401A /* Moofuslist */;
			targetProxy = 2AC7B4B02EF9E40900A8401A /* PBXContainerItemProxy */;
		};
		2AC7B4BB2EF9E40900A8401A /* PBXTargetDependency */ = {
			isa = PBXTargetDependency;
			target = 2AC7B4A12EF9E40800A8401A /* Moofuslist */;
			targetProxy = 2AC7B4BA2EF9E40900A8401A /* PBXContainerItemProxy */;
		};
/* End PBXTargetDependency section */

/* Begin XCBuildConfiguration section */
		2A09370E2F32661F00911D42 /* Debug */ = {
			isa = XCBuildConfiguration;
			buildSettings = {
				BUNDLE_LOADER = "$(TEST_HOST)";
				CODE_SIGN_STYLE = Automatic;
				CURRENT_PROJECT_VERSION = 1;
				DEVELOPMENT_TEAM = QSFP52FBJ9;
				GENERATE_INFOPLIST_FILE = YES;
				MARKETING_VERSION = 1.0;
				PRODUCT_BUNDLE_IDENTIFIER = moofus.com.LocationManagerTests;
				PRODUCT_NAME = "$(TARGET_NAME)";
				STRING_CATALOG_GENERATE_SYMBOLS = NO;
				SWIFT_APPROACHABLE_CONCURRENCY = YES;
				SWIFT_EMIT_LOC_STRINGS = NO;
				SWIFT_UPCOMING_FEATURE_MEMBER_IMPORT_VISIBILITY = YES;
				SWIFT_VERSION = 5.0;
				TARGETED_DEVICE_FAMILY = "1,2";
				TEST_HOST = "$(BUILT_PRODUCTS_DIR)/Moofuslist.app/$(BUNDLE_EXECUTABLE_FOLDER_PATH)/Moofuslist";
			};
			name = Debug;
		};
		2A09370F2F32661F00911D42 /* Release */ = {
			isa = XCBuildConfiguration;
			buildSettings = {
				BUNDLE_LOADER = "$(TEST_HOST)";
				CODE_SIGN_STYLE = Automatic;
				CURRENT_PROJECT_VERSION = 1;
				DEVELOPMENT_TEAM = QSFP52FBJ9;
				GENERATE_INFOPLIST_FILE = YES;
				MARKETING_VERSION = 1.0;
				PRODUCT_BUNDLE_IDENTIFIER = moofus.com.LocationManagerTests;
				PRODUCT_NAME = "$(TARGET_NAME)";
				STRING_CATALOG_GENERATE_SYMBOLS = NO;
				SWIFT_APPROACHABLE_CONCURRENCY = YES;
				SWIFT_EMIT_LOC_STRINGS = NO;
				SWIFT_UPCOMING_FEATURE_MEMBER_IMPORT_VISIBILITY = YES;
				SWIFT_VERSION = 5.0;
				TARGETED_DEVICE_FAMILY = "1,2";
				TEST_HOST = "$(BUILT_PRODUCTS_DIR)/Moofuslist.app/$(BUNDLE_EXECUTABLE_FOLDER_PATH)/Moofuslist";
			};
			name = Release;
		};
		2AC7B4C12EF9E40900A8401A /* Debug */ = {
			isa = XCBuildConfiguration;
			buildSettings = {
				ALWAYS_SEARCH_USER_PATHS = NO;
				ASSETCATALOG_COMPILER_GENERATE_SWIFT_ASSET_SYMBOL_EXTENSIONS = YES;
				CLANG_ANALYZER_NONNULL = YES;
				CLANG_ANALYZER_NUMBER_OBJECT_CONVERSION = YES_AGGRESSIVE;
				CLANG_CXX_LANGUAGE_STANDARD = "gnu++20";
				CLANG_ENABLE_MODULES = YES;
				CLANG_ENABLE_OBJC_ARC = YES;
				CLANG_ENABLE_OBJC_WEAK = YES;
				CLANG_WARN_BLOCK_CAPTURE_AUTORELEASING = YES;
				CLANG_WARN_BOOL_CONVERSION = YES;
				CLANG_WARN_COMMA = YES;
				CLANG_WARN_CONSTANT_CONVERSION = YES;
				CLANG_WARN_DEPRECATED_OBJC_IMPLEMENTATIONS = YES;
				CLANG_WARN_DIRECT_OBJC_ISA_USAGE = YES_ERROR;
				CLANG_WARN_DOCUMENTATION_COMMENTS = YES;
				CLANG_WARN_EMPTY_BODY = YES;
				CLANG_WARN_ENUM_CONVERSION = YES;
				CLANG_WARN_INFINITE_RECURSION = YES;
				CLANG_WARN_INT_CONVERSION = YES;
				CLANG_WARN_NON_LITERAL_NULL_CONVERSION = YES;
				CLANG_WARN_OBJC_IMPLICIT_RETAIN_SELF = YES;
				CLANG_WARN_OBJC_LITERAL_CONVERSION = YES;
				CLANG_WARN_OBJC_ROOT_CLASS = YES_ERROR;
				CLANG_WARN_QUOTED_INCLUDE_IN_FRAMEWORK_HEADER = YES;
				CLANG_WARN_RANGE_LOOP_ANALYSIS = YES;
				CLANG_WARN_STRICT_PROTOTYPES = YES;
				CLANG_WARN_SUSPICIOUS_MOVE = YES;
				CLANG_WARN_UNGUARDED_AVAILABILITY = YES_AGGRESSIVE;
				CLANG_WARN_UNREACHABLE_CODE = YES;
				CLANG_WARN__DUPLICATE_METHOD_MATCH = YES;
				COPY_PHASE_STRIP = NO;
				DEBUG_INFORMATION_FORMAT = dwarf;
				DEVELOPMENT_TEAM = QSFP52FBJ9;
				ENABLE_STRICT_OBJC_MSGSEND = YES;
				ENABLE_TESTABILITY = YES;
				ENABLE_USER_SCRIPT_SANDBOXING = YES;
				GCC_C_LANGUAGE_STANDARD = gnu17;
				GCC_DYNAMIC_NO_PIC = NO;
				GCC_NO_COMMON_BLOCKS = YES;
				GCC_OPTIMIZATION_LEVEL = 0;
				GCC_PREPROCESSOR_DEFINITIONS = (
					"DEBUG=1",
					"$(inherited)",
				);
				GCC_WARN_64_TO_32_BIT_CONVERSION = YES;
				GCC_WARN_ABOUT_RETURN_TYPE = YES_ERROR;
				GCC_WARN_UNDECLARED_SELECTOR = YES;
				GCC_WARN_UNINITIALIZED_AUTOS = YES_AGGRESSIVE;
				GCC_WARN_UNUSED_FUNCTION = YES;
				GCC_WARN_UNUSED_VARIABLE = YES;
				IPHONEOS_DEPLOYMENT_TARGET = 26.1;
				LOCALIZATION_PREFERS_STRING_CATALOGS = YES;
				MTL_ENABLE_DEBUG_INFO = INCLUDE_SOURCE;
				MTL_FAST_MATH = YES;
				ONLY_ACTIVE_ARCH = YES;
				SDKROOT = iphoneos;
				STRING_CATALOG_GENERATE_SYMBOLS = YES;
				SWIFT_ACTIVE_COMPILATION_CONDITIONS = "DEBUG $(inherited)";
				SWIFT_OPTIMIZATION_LEVEL = "-Onone";
			};
			name = Debug;
		};
		2AC7B4C22EF9E40900A8401A /* Release */ = {
			isa = XCBuildConfiguration;
			buildSettings = {
				ALWAYS_SEARCH_USER_PATHS = NO;
				ASSETCATALOG_COMPILER_GENERATE_SWIFT_ASSET_SYMBOL_EXTENSIONS = YES;
				CLANG_ANALYZER_NONNULL = YES;
				CLANG_ANALYZER_NUMBER_OBJECT_CONVERSION = YES_AGGRESSIVE;
				CLANG_CXX_LANGUAGE_STANDARD = "gnu++20";
				CLANG_ENABLE_MODULES = YES;
				CLANG_ENABLE_OBJC_ARC = YES;
				CLANG_ENABLE_OBJC_WEAK = YES;
				CLANG_WARN_BLOCK_CAPTURE_AUTORELEASING = YES;
				CLANG_WARN_BOOL_CONVERSION = YES;
				CLANG_WARN_COMMA = YES;
				CLANG_WARN_CONSTANT_CONVERSION = YES;
				CLANG_WARN_DEPRECATED_OBJC_IMPLEMENTATIONS = YES;
				CLANG_WARN_DIRECT_OBJC_ISA_USAGE = YES_ERROR;
				CLANG_WARN_DOCUMENTATION_COMMENTS = YES;
				CLANG_WARN_EMPTY_BODY = YES;
				CLANG_WARN_ENUM_CONVERSION = YES;
				CLANG_WARN_INFINITE_RECURSION = YES;
				CLANG_WARN_INT_CONVERSION = YES;
				CLANG_WARN_NON_LITERAL_NULL_CONVERSION = YES;
				CLANG_WARN_OBJC_IMPLICIT_RETAIN_SELF = YES;
				CLANG_WARN_OBJC_LITERAL_CONVERSION = YES;
				CLANG_WARN_OBJC_ROOT_CLASS = YES_ERROR;
				CLANG_WARN_QUOTED_INCLUDE_IN_FRAMEWORK_HEADER = YES;
				CLANG_WARN_RANGE_LOOP_ANALYSIS = YES;
				CLANG_WARN_STRICT_PROTOTYPES = YES;
				CLANG_WARN_SUSPICIOUS_MOVE = YES;
				CLANG_WARN_UNGUARDED_AVAILABILITY = YES_AGGRESSIVE;
				CLANG_WARN_UNREACHABLE_CODE = YES;
				CLANG_WARN__DUPLICATE_METHOD_MATCH = YES;
				COPY_PHASE_STRIP = NO;
				DEBUG_INFORMATION_FORMAT = "dwarf-with-dsym";
				DEVELOPMENT_TEAM = QSFP52FBJ9;
				ENABLE_NS_ASSERTIONS = NO;
				ENABLE_STRICT_OBJC_MSGSEND = YES;
				ENABLE_USER_SCRIPT_SANDBOXING = YES;
				GCC_C_LANGUAGE_STANDARD = gnu17;
				GCC_NO_COMMON_BLOCKS = YES;
				GCC_WARN_64_TO_32_BIT_CONVERSION = YES;
				GCC_WARN_ABOUT_RETURN_TYPE = YES_ERROR;
				GCC_WARN_UNDECLARED_SELECTOR = YES;
				GCC_WARN_UNINITIALIZED_AUTOS = YES_AGGRESSIVE;
				GCC_WARN_UNUSED_FUNCTION = YES;
				GCC_WARN_UNUSED_VARIABLE = YES;
				IPHONEOS_DEPLOYMENT_TARGET = 26.1;
				LOCALIZATION_PREFERS_STRING_CATALOGS = YES;
				MTL_ENABLE_DEBUG_INFO = NO;
				MTL_FAST_MATH = YES;
				SDKROOT = iphoneos;
				STRING_CATALOG_GENERATE_SYMBOLS = YES;
				SWIFT_COMPILATION_MODE = wholemodule;
				VALIDATE_PRODUCT = YES;
			};
			name = Release;
		};
		2AC7B4C42EF9E40900A8401A /* Debug */ = {
			isa = XCBuildConfiguration;
			buildSettings = {
				ASSETCATALOG_COMPILER_APPICON_NAME = AppIcon;
				ASSETCATALOG_COMPILER_GLOBAL_ACCENT_COLOR_NAME = AccentColor;
				CODE_SIGN_STYLE = Automatic;
				CURRENT_PROJECT_VERSION = 1;
				DEVELOPMENT_TEAM = QSFP52FBJ9;
				ENABLE_PREVIEWS = YES;
				ENABLE_USER_SCRIPT_SANDBOXING = NO;
				GENERATE_INFOPLIST_FILE = YES;
				INFOPLIST_KEY_NSLocationWhenInUseUsageDescription = "This is needed so you can see your location on the map";
				INFOPLIST_KEY_UIApplicationSceneManifest_Generation = YES;
				INFOPLIST_KEY_UIApplicationSupportsIndirectInputEvents = YES;
				INFOPLIST_KEY_UILaunchScreen_Generation = YES;
				INFOPLIST_KEY_UISupportedInterfaceOrientations_iPad = "UIInterfaceOrientationPortrait UIInterfaceOrientationPortraitUpsideDown UIInterfaceOrientationLandscapeLeft UIInterfaceOrientationLandscapeRight";
				INFOPLIST_KEY_UISupportedInterfaceOrientations_iPhone = "UIInterfaceOrientationPortrait UIInterfaceOrientationLandscapeLeft UIInterfaceOrientationLandscapeRight";
				LD_RUNPATH_SEARCH_PATHS = (
					"$(inherited)",
					"@executable_path/Frameworks",
				);
				MARKETING_VERSION = 1.0;
				PRODUCT_BUNDLE_IDENTIFIER = moofus.com.moofuslist;
				PRODUCT_NAME = "$(TARGET_NAME)";
				STRING_CATALOG_GENERATE_SYMBOLS = YES;
				SWIFT_APPROACHABLE_CONCURRENCY = YES;
				SWIFT_DEFAULT_ACTOR_ISOLATION = MainActor;
				SWIFT_EMIT_LOC_STRINGS = YES;
				SWIFT_UPCOMING_FEATURE_MEMBER_IMPORT_VISIBILITY = YES;
				SWIFT_VERSION = 6.0;
				TARGETED_DEVICE_FAMILY = "1,2";
			};
			name = Debug;
		};
		2AC7B4C52EF9E40900A8401A /* Release */ = {
			isa = XCBuildConfiguration;
			buildSettings = {
				ASSETCATALOG_COMPILER_APPICON_NAME = AppIcon;
				ASSETCATALOG_COMPILER_GLOBAL_ACCENT_COLOR_NAME = AccentColor;
				CODE_SIGN_STYLE = Automatic;
				CURRENT_PROJECT_VERSION = 1;
				DEVELOPMENT_TEAM = QSFP52FBJ9;
				ENABLE_PREVIEWS = YES;
				ENABLE_USER_SCRIPT_SANDBOXING = NO;
				GENERATE_INFOPLIST_FILE = YES;
				INFOPLIST_KEY_NSLocationWhenInUseUsageDescription = "This is needed so you can see your location on the map";
				INFOPLIST_KEY_UIApplicationSceneManifest_Generation = YES;
				INFOPLIST_KEY_UIApplicationSupportsIndirectInputEvents = YES;
				INFOPLIST_KEY_UILaunchScreen_Generation = YES;
				INFOPLIST_KEY_UISupportedInterfaceOrientations_iPad = "UIInterfaceOrientationPortrait UIInterfaceOrientationPortraitUpsideDown UIInterfaceOrientationLandscapeLeft UIInterfaceOrientationLandscapeRight";
				INFOPLIST_KEY_UISupportedInterfaceOrientations_iPhone = "UIInterfaceOrientationPortrait UIInterfaceOrientationLandscapeLeft UIInterfaceOrientationLandscapeRight";
				LD_RUNPATH_SEARCH_PATHS = (
					"$(inherited)",
					"@executable_path/Frameworks",
				);
				MARKETING_VERSION = 1.0;
				PRODUCT_BUNDLE_IDENTIFIER = moofus.com.moofuslist;
				PRODUCT_NAME = "$(TARGET_NAME)";
				STRING_CATALOG_GENERATE_SYMBOLS = YES;
				SWIFT_APPROACHABLE_CONCURRENCY = YES;
				SWIFT_DEFAULT_ACTOR_ISOLATION = MainActor;
				SWIFT_EMIT_LOC_STRINGS = YES;
				SWIFT_UPCOMING_FEATURE_MEMBER_IMPORT_VISIBILITY = YES;
				SWIFT_VERSION = 6.0;
				TARGETED_DEVICE_FAMILY = "1,2";
			};
			name = Release;
		};
		2AC7B4C72EF9E40900A8401A /* Debug */ = {
			isa = XCBuildConfiguration;
			buildSettings = {
				BUNDLE_LOADER = "$(TEST_HOST)";
				CODE_SIGN_STYLE = Automatic;
				CURRENT_PROJECT_VERSION = 1;
				DEVELOPMENT_TEAM = QSFP52FBJ9;
				GENERATE_INFOPLIST_FILE = YES;
				IPHONEOS_DEPLOYMENT_TARGET = 26.1;
				MARKETING_VERSION = 1.0;
				PRODUCT_BUNDLE_IDENTIFIER = moofus.com.moofuslistTests;
				PRODUCT_NAME = "$(TARGET_NAME)";
				STRING_CATALOG_GENERATE_SYMBOLS = NO;
				SWIFT_APPROACHABLE_CONCURRENCY = YES;
				SWIFT_EMIT_LOC_STRINGS = NO;
				SWIFT_UPCOMING_FEATURE_MEMBER_IMPORT_VISIBILITY = YES;
				SWIFT_VERSION = 5.0;
				TARGETED_DEVICE_FAMILY = "1,2";
				TEST_HOST = "$(BUILT_PRODUCTS_DIR)/Moofuslist.app/$(BUNDLE_EXECUTABLE_FOLDER_PATH)/Moofuslist";
			};
			name = Debug;
		};
		2AC7B4C82EF9E40900A8401A /* Release */ = {
			isa = XCBuildConfiguration;
			buildSettings = {
				BUNDLE_LOADER = "$(TEST_HOST)";
				CODE_SIGN_STYLE = Automatic;
				CURRENT_PROJECT_VERSION = 1;
				DEVELOPMENT_TEAM = QSFP52FBJ9;
				GENERATE_INFOPLIST_FILE = YES;
				IPHONEOS_DEPLOYMENT_TARGET = 26.1;
				MARKETING_VERSION = 1.0;
				PRODUCT_BUNDLE_IDENTIFIER = moofus.com.moofuslistTests;
				PRODUCT_NAME = "$(TARGET_NAME)";
				STRING_CATALOG_GENERATE_SYMBOLS = NO;
				SWIFT_APPROACHABLE_CONCURRENCY = YES;
				SWIFT_EMIT_LOC_STRINGS = NO;
				SWIFT_UPCOMING_FEATURE_MEMBER_IMPORT_VISIBILITY = YES;
				SWIFT_VERSION = 5.0;
				TARGETED_DEVICE_FAMILY = "1,2";
				TEST_HOST = "$(BUILT_PRODUCTS_DIR)/Moofuslist.app/$(BUNDLE_EXECUTABLE_FOLDER_PATH)/Moofuslist";
			};
			name = Release;
		};
		2AC7B4CA2EF9E40900A8401A /* Debug */ = {
			isa = XCBuildConfiguration;
			buildSettings = {
				CODE_SIGN_STYLE = Automatic;
				CURRENT_PROJECT_VERSION = 1;
				DEVELOPMENT_TEAM = QSFP52FBJ9;
				GENERATE_INFOPLIST_FILE = YES;
				MARKETING_VERSION = 1.0;
				PRODUCT_BUNDLE_IDENTIFIER = moofus.com.moofuslistUITests;
				PRODUCT_NAME = "$(TARGET_NAME)";
				STRING_CATALOG_GENERATE_SYMBOLS = NO;
				SWIFT_APPROACHABLE_CONCURRENCY = YES;
				SWIFT_EMIT_LOC_STRINGS = NO;
				SWIFT_UPCOMING_FEATURE_MEMBER_IMPORT_VISIBILITY = YES;
				SWIFT_VERSION = 5.0;
				TARGETED_DEVICE_FAMILY = "1,2";
				TEST_TARGET_NAME = moofuslist;
			};
			name = Debug;
		};
		2AC7B4CB2EF9E40900A8401A /* Release */ = {
			isa = XCBuildConfiguration;
			buildSettings = {
				CODE_SIGN_STYLE = Automatic;
				CURRENT_PROJECT_VERSION = 1;
				DEVELOPMENT_TEAM = QSFP52FBJ9;
				GENERATE_INFOPLIST_FILE = YES;
				MARKETING_VERSION = 1.0;
				PRODUCT_BUNDLE_IDENTIFIER = moofus.com.moofuslistUITests;
				PRODUCT_NAME = "$(TARGET_NAME)";
				STRING_CATALOG_GENERATE_SYMBOLS = NO;
				SWIFT_APPROACHABLE_CONCURRENCY = YES;
				SWIFT_EMIT_LOC_STRINGS = NO;
				SWIFT_UPCOMING_FEATURE_MEMBER_IMPORT_VISIBILITY = YES;
				SWIFT_VERSION = 5.0;
				TARGETED_DEVICE_FAMILY = "1,2";
				TEST_TARGET_NAME = moofuslist;
			};
			name = Release;
		};
/* End XCBuildConfiguration section */

/* Begin XCConfigurationList section */
		2A0937102F32661F00911D42 /* Build configuration list for PBXNativeTarget "LocationManagerTests" */ = {
			isa = XCConfigurationList;
			buildConfigurations = (
				2A09370E2F32661F00911D42 /* Debug */,
				2A09370F2F32661F00911D42 /* Release */,
			);
			defaultConfigurationIsVisible = 0;
			defaultConfigurationName = Release;
		};
		2AC7B49D2EF9E40800A8401A /* Build configuration list for PBXProject "Moofuslist" */ = {
			isa = XCConfigurationList;
			buildConfigurations = (
				2AC7B4C12EF9E40900A8401A /* Debug */,
				2AC7B4C22EF9E40900A8401A /* Release */,
			);
			defaultConfigurationIsVisible = 0;
			defaultConfigurationName = Release;
		};
		2AC7B4C32EF9E40900A8401A /* Build configuration list for PBXNativeTarget "Moofuslist" */ = {
			isa = XCConfigurationList;
			buildConfigurations = (
				2AC7B4C42EF9E40900A8401A /* Debug */,
				2AC7B4C52EF9E40900A8401A /* Release */,
			);
			defaultConfigurationIsVisible = 0;
			defaultConfigurationName = Release;
		};
		2AC7B4C62EF9E40900A8401A /* Build configuration list for PBXNativeTarget "MoofuslistTests" */ = {
			isa = XCConfigurationList;
			buildConfigurations = (
				2AC7B4C72EF9E40900A8401A /* Debug */,
				2AC7B4C82EF9E40900A8401A /* Release */,
			);
			defaultConfigurationIsVisible = 0;
			defaultConfigurationName = Release;
		};
		2AC7B4C92EF9E40900A8401A /* Build configuration list for PBXNativeTarget "MoofuslistUITests" */ = {
			isa = XCConfigurationList;
			buildConfigurations = (
				2AC7B4CA2EF9E40900A8401A /* Debug */,
				2AC7B4CB2EF9E40900A8401A /* Release */,
			);
			defaultConfigurationIsVisible = 0;
			defaultConfigurationName = Release;
		};
/* End XCConfigurationList section */

/* Begin XCRemoteSwiftPackageReference section */
		2A67A7AD2F0076D40021309F /* XCRemoteSwiftPackageReference "Factory" */ = {
			isa = XCRemoteSwiftPackageReference;
			repositoryURL = "https://github.com/hmlongco/Factory.git";
			requirement = {
				kind = upToNextMajorVersion;
				minimumVersion = 2.5.3;
			};
		};
/* End XCRemoteSwiftPackageReference section */

/* Begin XCSwiftPackageProductDependency section */
		2A67A7AE2F0076D40021309F /* Factory */ = {
			isa = XCSwiftPackageProductDependency;
			package = 2A67A7AD2F0076D40021309F /* XCRemoteSwiftPackageReference "Factory" */;
			productName = Factory;
		};
		2A67A7B02F0076D40021309F /* FactoryKit */ = {
			isa = XCSwiftPackageProductDependency;
			package = 2A67A7AD2F0076D40021309F /* XCRemoteSwiftPackageReference "Factory" */;
			productName = FactoryKit;
		};
		2A67A7B22F0076D40021309F /* FactoryTesting */ = {
			isa = XCSwiftPackageProductDependency;
			package = 2A67A7AD2F0076D40021309F /* XCRemoteSwiftPackageReference "Factory" */;
			productName = FactoryTesting;
		};
		2AFEDEEF2F32A83700BE64DA /* FactoryTesting */ = {
			isa = XCSwiftPackageProductDependency;
			package = 2A67A7AD2F0076D40021309F /* XCRemoteSwiftPackageReference "Factory" */;
			productName = FactoryTesting;
		};
/* End XCSwiftPackageProductDependency section */
	};
	rootObject = 2AC7B49A2EF9E40800A8401A /* Project object */;
}
