// !$*UTF8*$!
{
	archiveVersion = 1;
	classes = {
	};
	objectVersion = 77;
	objects = {

/* Begin PBXContainerItemProxy section */
		2AEF803F2DB312EB0088F57D /* PBXContainerItemProxy */ = {
			isa = PBXContainerItemProxy;
			containerPortal = 2AEF80262DB312EA0088F57D /* Project object */;
			proxyType = 1;
			remoteGlobalIDString = 2AEF802D2DB312EA0088F57D;
			remoteInfo = moofuslist;
		};
		2AEF80492DB312EB0088F57D /* PBXContainerItemProxy */ = {
			isa = PBXContainerItemProxy;
			containerPortal = 2AEF80262DB312EA0088F57D /* Project object */;
			proxyType = 1;
			remoteGlobalIDString = 2AEF802D2DB312EA0088F57D;
			remoteInfo = moofuslist;
		};
/* End PBXContainerItemProxy section */

/* Begin PBXFileReference section */
		2AEF802E2DB312EA0088F57D /* moofuslist.app */ = {isa = PBXFileReference; explicitFileType = wrapper.application; includeInIndex = 0; path = moofuslist.app; sourceTree = BUILT_PRODUCTS_DIR; };
		2AEF803E2DB312EB0088F57D /* moofuslistTests.xctest */ = {isa = PBXFileReference; explicitFileType = wrapper.cfbundle; includeInIndex = 0; path = moofuslistTests.xctest; sourceTree = BUILT_PRODUCTS_DIR; };
		2AEF80482DB312EB0088F57D /* moofuslistUITests.xctest */ = {isa = PBXFileReference; explicitFileType = wrapper.cfbundle; includeInIndex = 0; path = moofuslistUITests.xctest; sourceTree = BUILT_PRODUCTS_DIR; };
/* End PBXFileReference section */

/* Begin PBXFileSystemSynchronizedRootGroup section */
		2AEF80302DB312EA0088F57D /* moofuslist */ = {
			isa = PBXFileSystemSynchronizedRootGroup;
			path = moofuslist;
			sourceTree = "<group>";
		};
		2AEF80412DB312EB0088F57D /* moofuslistTests */ = {
			isa = PBXFileSystemSynchronizedRootGroup;
			path = moofuslistTests;
			sourceTree = "<group>";
		};
		2AEF804B2DB312EB0088F57D /* moofuslistUITests */ = {
			isa = PBXFileSystemSynchronizedRootGroup;
			path = moofuslistUITests;
			sourceTree = "<group>";
		};
/* End PBXFileSystemSynchronizedRootGroup section */

/* Begin PBXFrameworksBuildPhase section */
		2AEF802B2DB312EA0088F57D /* Frameworks */ = {
			isa = PBXFrameworksBuildPhase;
			buildActionMask = 2147483647;
			files = (
			);
			runOnlyForDeploymentPostprocessing = 0;
		};
		2AEF803B2DB312EB0088F57D /* Frameworks */ = {
			isa = PBXFrameworksBuildPhase;
			buildActionMask = 2147483647;
			files = (
			);
			runOnlyForDeploymentPostprocessing = 0;
		};
		2AEF80452DB312EB0088F57D /* Frameworks */ = {
			isa = PBXFrameworksBuildPhase;
			buildActionMask = 2147483647;
			files = (
			);
			runOnlyForDeploymentPostprocessing = 0;
		};
/* End PBXFrameworksBuildPhase section */

/* Begin PBXGroup section */
		2AEF80252DB312EA0088F57D = {
			isa = PBXGroup;
			children = (
				2AEF80302DB312EA0088F57D /* moofuslist */,
				2AEF80412DB312EB0088F57D /* moofuslistTests */,
				2AEF804B2DB312EB0088F57D /* moofuslistUITests */,
				2AEF802F2DB312EA0088F57D /* Products */,
			);
			sourceTree = "<group>";
		};
		2AEF802F2DB312EA0088F57D /* Products */ = {
			isa = PBXGroup;
			children = (
				2AEF802E2DB312EA0088F57D /* moofuslist.app */,
				2AEF803E2DB312EB0088F57D /* moofuslistTests.xctest */,
				2AEF80482DB312EB0088F57D /* moofuslistUITests.xctest */,
			);
			name = Products;
			sourceTree = "<group>";
		};
/* End PBXGroup section */

/* Begin PBXNativeTarget section */
		2AEF802D2DB312EA0088F57D /* moofuslist */ = {
			isa = PBXNativeTarget;
			buildConfigurationList = 2AEF80522DB312EB0088F57D /* Build configuration list for PBXNativeTarget "moofuslist" */;
			buildPhases = (
				2AEF802A2DB312EA0088F57D /* Sources */,
				2AEF802B2DB312EA0088F57D /* Frameworks */,
				2AEF802C2DB312EA0088F57D /* Resources */,
			);
			buildRules = (
			);
			dependencies = (
			);
			fileSystemSynchronizedGroups = (
				2AEF80302DB312EA0088F57D /* moofuslist */,
			);
			name = moofuslist;
			packageProductDependencies = (
			);
			productName = moofuslist;
			productReference = 2AEF802E2DB312EA0088F57D /* moofuslist.app */;
			productType = "com.apple.product-type.application";
		};
		2AEF803D2DB312EB0088F57D /* moofuslistTests */ = {
			isa = PBXNativeTarget;
			buildConfigurationList = 2AEF80552DB312EB0088F57D /* Build configuration list for PBXNativeTarget "moofuslistTests" */;
			buildPhases = (
				2AEF803A2DB312EB0088F57D /* Sources */,
				2AEF803B2DB312EB0088F57D /* Frameworks */,
				2AEF803C2DB312EB0088F57D /* Resources */,
			);
			buildRules = (
			);
			dependencies = (
				2AEF80402DB312EB0088F57D /* PBXTargetDependency */,
			);
			fileSystemSynchronizedGroups = (
				2AEF80412DB312EB0088F57D /* moofuslistTests */,
			);
			name = moofuslistTests;
			packageProductDependencies = (
			);
			productName = moofuslistTests;
			productReference = 2AEF803E2DB312EB0088F57D /* moofuslistTests.xctest */;
			productType = "com.apple.product-type.bundle.unit-test";
		};
		2AEF80472DB312EB0088F57D /* moofuslistUITests */ = {
			isa = PBXNativeTarget;
			buildConfigurationList = 2AEF80582DB312EB0088F57D /* Build configuration list for PBXNativeTarget "moofuslistUITests" */;
			buildPhases = (
				2AEF80442DB312EB0088F57D /* Sources */,
				2AEF80452DB312EB0088F57D /* Frameworks */,
				2AEF80462DB312EB0088F57D /* Resources */,
			);
			buildRules = (
			);
			dependencies = (
				2AEF804A2DB312EB0088F57D /* PBXTargetDependency */,
			);
			fileSystemSynchronizedGroups = (
				2AEF804B2DB312EB0088F57D /* moofuslistUITests */,
			);
			name = moofuslistUITests;
			packageProductDependencies = (
			);
			productName = moofuslistUITests;
			productReference = 2AEF80482DB312EB0088F57D /* moofuslistUITests.xctest */;
			productType = "com.apple.product-type.bundle.ui-testing";
		};
/* End PBXNativeTarget section */

/* Begin PBXProject section */
		2AEF80262DB312EA0088F57D /* Project object */ = {
			isa = PBXProject;
			attributes = {
				BuildIndependentTargetsInParallel = 1;
				LastSwiftUpdateCheck = 1620;
				LastUpgradeCheck = 1620;
				TargetAttributes = {
					2AEF802D2DB312EA0088F57D = {
						CreatedOnToolsVersion = 16.2;
					};
					2AEF803D2DB312EB0088F57D = {
						CreatedOnToolsVersion = 16.2;
						TestTargetID = 2AEF802D2DB312EA0088F57D;
					};
					2AEF80472DB312EB0088F57D = {
						CreatedOnToolsVersion = 16.2;
						TestTargetID = 2AEF802D2DB312EA0088F57D;
					};
				};
			};
			buildConfigurationList = 2AEF80292DB312EA0088F57D /* Build configuration list for PBXProject "moofuslist" */;
			developmentRegion = en;
			hasScannedForEncodings = 0;
			knownRegions = (
				en,
				Base,
			);
			mainGroup = 2AEF80252DB312EA0088F57D;
			minimizedProjectReferenceProxies = 1;
			preferredProjectObjectVersion = 77;
			productRefGroup = 2AEF802F2DB312EA0088F57D /* Products */;
			projectDirPath = "";
			projectRoot = "";
			targets = (
				2AEF802D2DB312EA0088F57D /* moofuslist */,
				2AEF803D2DB312EB0088F57D /* moofuslistTests */,
				2AEF80472DB312EB0088F57D /* moofuslistUITests */,
			);
		};
/* End PBXProject section */

/* Begin PBXResourcesBuildPhase section */
		2AEF802C2DB312EA0088F57D /* Resources */ = {
			isa = PBXResourcesBuildPhase;
			buildActionMask = 2147483647;
			files = (
			);
			runOnlyForDeploymentPostprocessing = 0;
		};
		2AEF803C2DB312EB0088F57D /* Resources */ = {
			isa = PBXResourcesBuildPhase;
			buildActionMask = 2147483647;
			files = (
			);
			runOnlyForDeploymentPostprocessing = 0;
		};
		2AEF80462DB312EB0088F57D /* Resources */ = {
			isa = PBXResourcesBuildPhase;
			buildActionMask = 2147483647;
			files = (
			);
			runOnlyForDeploymentPostprocessing = 0;
		};
/* End PBXResourcesBuildPhase section */

/* Begin PBXSourcesBuildPhase section */
		2AEF802A2DB312EA0088F57D /* Sources */ = {
			isa = PBXSourcesBuildPhase;
			buildActionMask = 2147483647;
			files = (
			);
			runOnlyForDeploymentPostprocessing = 0;
		};
		2AEF803A2DB312EB0088F57D /* Sources */ = {
			isa = PBXSourcesBuildPhase;
			buildActionMask = 2147483647;
			files = (
			);
			runOnlyForDeploymentPostprocessing = 0;
		};
		2AEF80442DB312EB0088F57D /* Sources */ = {
			isa = PBXSourcesBuildPhase;
			buildActionMask = 2147483647;
			files = (
			);
			runOnlyForDeploymentPostprocessing = 0;
		};
/* End PBXSourcesBuildPhase section */

/* Begin PBXTargetDependency section */
		2AEF80402DB312EB0088F57D /* PBXTargetDependency */ = {
			isa = PBXTargetDependency;
			target = 2AEF802D2DB312EA0088F57D /* moofuslist */;
			targetProxy = 2AEF803F2DB312EB0088F57D /* PBXContainerItemProxy */;
		};
		2AEF804A2DB312EB0088F57D /* PBXTargetDependency */ = {
			isa = PBXTargetDependency;
			target = 2AEF802D2DB312EA0088F57D /* moofuslist */;
			targetProxy = 2AEF80492DB312EB0088F57D /* PBXContainerItemProxy */;
		};
/* End PBXTargetDependency section */

/* Begin XCBuildConfiguration section */
		2AEF80502DB312EB0088F57D /* Debug */ = {
			isa = XCBuildConfiguration;
			buildSettings = {
				ALWAYS_SEARCH_USER_PATHS = NO;
				ASSETCATALOG_COMPILER_GENERATE_SWIFT_ASSET_SYMBOL_EXTENSIONS = YES;
				CLANG_ANALYZER_NONNULL = YES;
				CLANG_ANALYZER_NUMBER_OBJECT_CONVERSION = YES_AGGRESSIVE;
				CLANG_CXX_LANGUAGE_STANDARD = "gnu++20";
				CLANG_ENABLE_MODULES = YES;
				CLANG_ENABLE_OBJC_ARC = YES;
				CLANG_ENABLE_OBJC_WEAK = YES;
				CLANG_WARN_BLOCK_CAPTURE_AUTORELEASING = YES;
				CLANG_WARN_BOOL_CONVERSION = YES;
				CLANG_WARN_COMMA = YES;
				CLANG_WARN_CONSTANT_CONVERSION = YES;
				CLANG_WARN_DEPRECATED_OBJC_IMPLEMENTATIONS = YES;
				CLANG_WARN_DIRECT_OBJC_ISA_USAGE = YES_ERROR;
				CLANG_WARN_DOCUMENTATION_COMMENTS = YES;
				CLANG_WARN_EMPTY_BODY = YES;
				CLANG_WARN_ENUM_CONVERSION = YES;
				CLANG_WARN_INFINITE_RECURSION = YES;
				CLANG_WARN_INT_CONVERSION = YES;
				CLANG_WARN_NON_LITERAL_NULL_CONVERSION = YES;
				CLANG_WARN_OBJC_IMPLICIT_RETAIN_SELF = YES;
				CLANG_WARN_OBJC_LITERAL_CONVERSION = YES;
				CLANG_WARN_OBJC_ROOT_CLASS = YES_ERROR;
				CLANG_WARN_QUOTED_INCLUDE_IN_FRAMEWORK_HEADER = YES;
				CLANG_WARN_RANGE_LOOP_ANALYSIS = YES;
				CLANG_WARN_STRICT_PROTOTYPES = YES;
				CLANG_WARN_SUSPICIOUS_MOVE = YES;
				CLANG_WARN_UNGUARDED_AVAILABILITY = YES_AGGRESSIVE;
				CLANG_WARN_UNREACHABLE_CODE = YES;
				CLANG_WARN__DUPLICATE_METHOD_MATCH = YES;
				COPY_PHASE_STRIP = NO;
				DEBUG_INFORMATION_FORMAT = dwarf;
				ENABLE_STRICT_OBJC_MSGSEND = YES;
				ENABLE_TESTABILITY = YES;
				ENABLE_USER_SCRIPT_SANDBOXING = YES;
				GCC_C_LANGUAGE_STANDARD = gnu17;
				GCC_DYNAMIC_NO_PIC = NO;
				GCC_NO_COMMON_BLOCKS = YES;
				GCC_OPTIMIZATION_LEVEL = 0;
				GCC_PREPROCESSOR_DEFINITIONS = (
					"DEBUG=1",
					"$(inherited)",
				);
				GCC_WARN_64_TO_32_BIT_CONVERSION = YES;
				GCC_WARN_ABOUT_RETURN_TYPE = YES_ERROR;
				GCC_WARN_UNDECLARED_SELECTOR = YES;
				GCC_WARN_UNINITIALIZED_AUTOS = YES_AGGRESSIVE;
				GCC_WARN_UNUSED_FUNCTION = YES;
				GCC_WARN_UNUSED_VARIABLE = YES;
				IPHONEOS_DEPLOYMENT_TARGET = 18.2;
				LOCALIZATION_PREFERS_STRING_CATALOGS = YES;
				MTL_ENABLE_DEBUG_INFO = INCLUDE_SOURCE;
				MTL_FAST_MATH = YES;
				ONLY_ACTIVE_ARCH = YES;
				SDKROOT = iphoneos;
				SWIFT_ACTIVE_COMPILATION_CONDITIONS = "DEBUG $(inherited)";
				SWIFT_OPTIMIZATION_LEVEL = "-Onone";
			};
			name = Debug;
		};
		2AEF80512DB312EB0088F57D /* Release */ = {
			isa = XCBuildConfiguration;
			buildSettings = {
				ALWAYS_SEARCH_USER_PATHS = NO;
				ASSETCATALOG_COMPILER_GENERATE_SWIFT_ASSET_SYMBOL_EXTENSIONS = YES;
				CLANG_ANALYZER_NONNULL = YES;
				CLANG_ANALYZER_NUMBER_OBJECT_CONVERSION = YES_AGGRESSIVE;
				CLANG_CXX_LANGUAGE_STANDARD = "gnu++20";
				CLANG_ENABLE_MODULES = YES;
				CLANG_ENABLE_OBJC_ARC = YES;
				CLANG_ENABLE_OBJC_WEAK = YES;
				CLANG_WARN_BLOCK_CAPTURE_AUTORELEASING = YES;
				CLANG_WARN_BOOL_CONVERSION = YES;
				CLANG_WARN_COMMA = YES;
				CLANG_WARN_CONSTANT_CONVERSION = YES;
				CLANG_WARN_DEPRECATED_OBJC_IMPLEMENTATIONS = YES;
				CLANG_WARN_DIRECT_OBJC_ISA_USAGE = YES_ERROR;
				CLANG_WARN_DOCUMENTATION_COMMENTS = YES;
				CLANG_WARN_EMPTY_BODY = YES;
				CLANG_WARN_ENUM_CONVERSION = YES;
				CLANG_WARN_INFINITE_RECURSION = YES;
				CLANG_WARN_INT_CONVERSION = YES;
				CLANG_WARN_NON_LITERAL_NULL_CONVERSION = YES;
				CLANG_WARN_OBJC_IMPLICIT_RETAIN_SELF = YES;
				CLANG_WARN_OBJC_LITERAL_CONVERSION = YES;
				CLANG_WARN_OBJC_ROOT_CLASS = YES_ERROR;
				CLANG_WARN_QUOTED_INCLUDE_IN_FRAMEWORK_HEADER = YES;
				CLANG_WARN_RANGE_LOOP_ANALYSIS = YES;
				CLANG_WARN_STRICT_PROTOTYPES = YES;
				CLANG_WARN_SUSPICIOUS_MOVE = YES;
				CLANG_WARN_UNGUARDED_AVAILABILITY = YES_AGGRESSIVE;
				CLANG_WARN_UNREACHABLE_CODE = YES;
				CLANG_WARN__DUPLICATE_METHOD_MATCH = YES;
				COPY_PHASE_STRIP = NO;
				DEBUG_INFORMATION_FORMAT = "dwarf-with-dsym";
				ENABLE_NS_ASSERTIONS = NO;
				ENABLE_STRICT_OBJC_MSGSEND = YES;
				ENABLE_USER_SCRIPT_SANDBOXING = YES;
				GCC_C_LANGUAGE_STANDARD = gnu17;
				GCC_NO_COMMON_BLOCKS = YES;
				GCC_WARN_64_TO_32_BIT_CONVERSION = YES;
				GCC_WARN_ABOUT_RETURN_TYPE = YES_ERROR;
				GCC_WARN_UNDECLARED_SELECTOR = YES;
				GCC_WARN_UNINITIALIZED_AUTOS = YES_AGGRESSIVE;
				GCC_WARN_UNUSED_FUNCTION = YES;
				GCC_WARN_UNUSED_VARIABLE = YES;
				IPHONEOS_DEPLOYMENT_TARGET = 18.2;
				LOCALIZATION_PREFERS_STRING_CATALOGS = YES;
				MTL_ENABLE_DEBUG_INFO = NO;
				MTL_FAST_MATH = YES;
				SDKROOT = iphoneos;
				SWIFT_COMPILATION_MODE = wholemodule;
				VALIDATE_PRODUCT = YES;
			};
			name = Release;
		};
		2AEF80532DB312EB0088F57D /* Debug */ = {
			isa = XCBuildConfiguration;
			buildSettings = {
				ASSETCATALOG_COMPILER_APPICON_NAME = AppIcon;
				ASSETCATALOG_COMPILER_GLOBAL_ACCENT_COLOR_NAME = AccentColor;
				CODE_SIGN_STYLE = Automatic;
				CURRENT_PROJECT_VERSION = 1;
				DEVELOPMENT_ASSET_PATHS = "\"moofuslist/Preview Content\"";
				DEVELOPMENT_TEAM = QSFP52FBJ9;
				ENABLE_PREVIEWS = YES;
				GENERATE_INFOPLIST_FILE = YES;
				INFOPLIST_KEY_UIApplicationSceneManifest_Generation = YES;
				INFOPLIST_KEY_UIApplicationSupportsIndirectInputEvents = YES;
				INFOPLIST_KEY_UILaunchScreen_Generation = YES;
				INFOPLIST_KEY_UISupportedInterfaceOrientations_iPad = "UIInterfaceOrientationPortrait UIInterfaceOrientationPortraitUpsideDown UIInterfaceOrientationLandscapeLeft UIInterfaceOrientationLandscapeRight";
				INFOPLIST_KEY_UISupportedInterfaceOrientations_iPhone = "UIInterfaceOrientationPortrait UIInterfaceOrientationLandscapeLeft UIInterfaceOrientationLandscapeRight";
				LD_RUNPATH_SEARCH_PATHS = (
					"$(inherited)",
					"@executable_path/Frameworks",
				);
				MARKETING_VERSION = 1.0;
				PRODUCT_BUNDLE_IDENTIFIER = moofus.com.moofuslist;
				PRODUCT_NAME = "$(TARGET_NAME)";
				SWIFT_EMIT_LOC_STRINGS = YES;
				SWIFT_VERSION = 5.0;
				TARGETED_DEVICE_FAMILY = "1,2";
			};
			name = Debug;
		};
		2AEF80542DB312EB0088F57D /* Release */ = {
			isa = XCBuildConfiguration;
			buildSettings = {
				ASSETCATALOG_COMPILER_APPICON_NAME = AppIcon;
				ASSETCATALOG_COMPILER_GLOBAL_ACCENT_COLOR_NAME = AccentColor;
				CODE_SIGN_STYLE = Automatic;
				CURRENT_PROJECT_VERSION = 1;
				DEVELOPMENT_ASSET_PATHS = "\"moofuslist/Preview Content\"";
				DEVELOPMENT_TEAM = QSFP52FBJ9;
				ENABLE_PREVIEWS = YES;
				GENERATE_INFOPLIST_FILE = YES;
				INFOPLIST_KEY_UIApplicationSceneManifest_Generation = YES;
				INFOPLIST_KEY_UIApplicationSupportsIndirectInputEvents = YES;
				INFOPLIST_KEY_UILaunchScreen_Generation = YES;
				INFOPLIST_KEY_UISupportedInterfaceOrientations_iPad = "UIInterfaceOrientationPortrait UIInterfaceOrientationPortraitUpsideDown UIInterfaceOrientationLandscapeLeft UIInterfaceOrientationLandscapeRight";
				INFOPLIST_KEY_UISupportedInterfaceOrientations_iPhone = "UIInterfaceOrientationPortrait UIInterfaceOrientationLandscapeLeft UIInterfaceOrientationLandscapeRight";
				LD_RUNPATH_SEARCH_PATHS = (
					"$(inherited)",
					"@executable_path/Frameworks",
				);
				MARKETING_VERSION = 1.0;
				PRODUCT_BUNDLE_IDENTIFIER = moofus.com.moofuslist;
				PRODUCT_NAME = "$(TARGET_NAME)";
				SWIFT_EMIT_LOC_STRINGS = YES;
				SWIFT_VERSION = 5.0;
				TARGETED_DEVICE_FAMILY = "1,2";
			};
			name = Release;
		};
		2AEF80562DB312EB0088F57D /* Debug */ = {
			isa = XCBuildConfiguration;
			buildSettings = {
				BUNDLE_LOADER = "$(TEST_HOST)";
				CODE_SIGN_STYLE = Automatic;
				CURRENT_PROJECT_VERSION = 1;
				DEVELOPMENT_TEAM = QSFP52FBJ9;
				GENERATE_INFOPLIST_FILE = YES;
				IPHONEOS_DEPLOYMENT_TARGET = 18.2;
				MARKETING_VERSION = 1.0;
				PRODUCT_BUNDLE_IDENTIFIER = moofus.com.moofuslistTests;
				PRODUCT_NAME = "$(TARGET_NAME)";
				SWIFT_EMIT_LOC_STRINGS = NO;
				SWIFT_VERSION = 5.0;
				TARGETED_DEVICE_FAMILY = "1,2";
				TEST_HOST = "$(BUILT_PRODUCTS_DIR)/moofuslist.app/$(BUNDLE_EXECUTABLE_FOLDER_PATH)/moofuslist";
			};
			name = Debug;
		};
		2AEF80572DB312EB0088F57D /* Release */ = {
			isa = XCBuildConfiguration;
			buildSettings = {
				BUNDLE_LOADER = "$(TEST_HOST)";
				CODE_SIGN_STYLE = Automatic;
				CURRENT_PROJECT_VERSION = 1;
				DEVELOPMENT_TEAM = QSFP52FBJ9;
				GENERATE_INFOPLIST_FILE = YES;
				IPHONEOS_DEPLOYMENT_TARGET = 18.2;
				MARKETING_VERSION = 1.0;
				PRODUCT_BUNDLE_IDENTIFIER = moofus.com.moofuslistTests;
				PRODUCT_NAME = "$(TARGET_NAME)";
				SWIFT_EMIT_LOC_STRINGS = NO;
				SWIFT_VERSION = 5.0;
				TARGETED_DEVICE_FAMILY = "1,2";
				TEST_HOST = "$(BUILT_PRODUCTS_DIR)/moofuslist.app/$(BUNDLE_EXECUTABLE_FOLDER_PATH)/moofuslist";
			};
			name = Release;
		};
		2AEF80592DB312EB0088F57D /* Debug */ = {
			isa = XCBuildConfiguration;
			buildSettings = {
				CODE_SIGN_STYLE = Automatic;
				CURRENT_PROJECT_VERSION = 1;
				DEVELOPMENT_TEAM = QSFP52FBJ9;
				GENERATE_INFOPLIST_FILE = YES;
				MARKETING_VERSION = 1.0;
				PRODUCT_BUNDLE_IDENTIFIER = moofus.com.moofuslistUITests;
				PRODUCT_NAME = "$(TARGET_NAME)";
				SWIFT_EMIT_LOC_STRINGS = NO;
				SWIFT_VERSION = 5.0;
				TARGETED_DEVICE_FAMILY = "1,2";
				TEST_TARGET_NAME = moofuslist;
			};
			name = Debug;
		};
		2AEF805A2DB312EB0088F57D /* Release */ = {
			isa = XCBuildConfiguration;
			buildSettings = {
				CODE_SIGN_STYLE = Automatic;
				CURRENT_PROJECT_VERSION = 1;
				DEVELOPMENT_TEAM = QSFP52FBJ9;
				GENERATE_INFOPLIST_FILE = YES;
				MARKETING_VERSION = 1.0;
				PRODUCT_BUNDLE_IDENTIFIER = moofus.com.moofuslistUITests;
				PRODUCT_NAME = "$(TARGET_NAME)";
				SWIFT_EMIT_LOC_STRINGS = NO;
				SWIFT_VERSION = 5.0;
				TARGETED_DEVICE_FAMILY = "1,2";
				TEST_TARGET_NAME = moofuslist;
			};
			name = Release;
		};
/* End XCBuildConfiguration section */

/* Begin XCConfigurationList section */
		2AEF80292DB312EA0088F57D /* Build configuration list for PBXProject "moofuslist" */ = {
			isa = XCConfigurationList;
			buildConfigurations = (
				2AEF80502DB312EB0088F57D /* Debug */,
				2AEF80512DB312EB0088F57D /* Release */,
			);
			defaultConfigurationIsVisible = 0;
			defaultConfigurationName = Release;
		};
		2AEF80522DB312EB0088F57D /* Build configuration list for PBXNativeTarget "moofuslist" */ = {
			isa = XCConfigurationList;
			buildConfigurations = (
				2AEF80532DB312EB0088F57D /* Debug */,
				2AEF80542DB312EB0088F57D /* Release */,
			);
			defaultConfigurationIsVisible = 0;
			defaultConfigurationName = Release;
		};
		2AEF80552DB312EB0088F57D /* Build configuration list for PBXNativeTarget "moofuslistTests" */ = {
			isa = XCConfigurationList;
			buildConfigurations = (
				2AEF80562DB312EB0088F57D /* Debug */,
				2AEF80572DB312EB0088F57D /* Release */,
			);
			defaultConfigurationIsVisible = 0;
			defaultConfigurationName = Release;
		};
		2AEF80582DB312EB0088F57D /* Build configuration list for PBXNativeTarget "moofuslistUITests" */ = {
			isa = XCConfigurationList;
			buildConfigurations = (
				2AEF80592DB312EB0088F57D /* Debug */,
				2AEF805A2DB312EB0088F57D /* Release */,
			);
			defaultConfigurationIsVisible = 0;
			defaultConfigurationName = Release;
		};
/* End XCConfigurationList section */
	};
	rootObject = 2AEF80262DB312EA0088F57D /* Project object */;
}
